
Microsoft Visual Studio Solution File, Format Version 12.00
# Visual Studio 15
VisualStudioVersion = 15.0.27004.2009
MinimumVisualStudioVersion = 10.0.40219.1
Project("{2150E333-8FDC-42A3-9474-1A3956D46DE8}") = "src", "src", "{3202678B-EECF-46E3-9631-C026CAE9D62B}"
EndProject
Project("{FAE04EC0-301F-11D3-BF4B-00C04F79EFBC}") = "RvtTestRunner", "src\RvtTestRunner\RvtTestRunner.csproj", "{9D680C27-E296-4024-9399-8EF8F2A9522D}"
EndProject
Project("{2150E333-8FDC-42A3-9474-1A3956D46DE8}") = "test", "test", "{49C27A2E-44BB-4A10-96E7-62BFEE48BA6A}"
EndProject
Project("{FAE04EC0-301F-11D3-BF4B-00C04F79EFBC}") = "RvtTestRunner.Test", "test\RvtTestRunner.Test\RvtTestRunner.Test.csproj", "{4EC8BA52-FE06-4F88-80D9-9A54F0C64588}"
EndProject
Project("{2150E333-8FDC-42A3-9474-1A3956D46DE8}") = "Solution Items", "Solution Items", "{49E0856E-9821-440D-A8DC-CE7248B5AC7F}"
	ProjectSection(SolutionItems) = preProject
		.gitignore = .gitignore
		SharedCodeAnalysis.ruleset = SharedCodeAnalysis.ruleset
	EndProjectSection
EndProject
Global
	GlobalSection(SolutionConfigurationPlatforms) = preSolution
		2015|Any CPU = 2015|Any CPU
		2015|x64 = 2015|x64
		2015-Release|Any CPU = 2015-Release|Any CPU
		2015-Release|x64 = 2015-Release|x64
		2016|Any CPU = 2016|Any CPU
		2016|x64 = 2016|x64
		2016-Release|Any CPU = 2016-Release|Any CPU
		2016-Release|x64 = 2016-Release|x64
		2017|Any CPU = 2017|Any CPU
		2017|x64 = 2017|x64
		2017-Release|Any CPU = 2017-Release|Any CPU
		2017-Release|x64 = 2017-Release|x64
		2018|Any CPU = 2018|Any CPU
		2018|x64 = 2018|x64
		2018-Release|Any CPU = 2018-Release|Any CPU
		2018-Release|x64 = 2018-Release|x64
		Debug|Any CPU = Debug|Any CPU
		Debug|x64 = Debug|x64
		Release|Any CPU = Release|Any CPU
		Release|x64 = Release|x64
	EndGlobalSection
	GlobalSection(ProjectConfigurationPlatforms) = postSolution
		{9D680C27-E296-4024-9399-8EF8F2A9522D}.2015|Any CPU.ActiveCfg = 2015|Any CPU
		{9D680C27-E296-4024-9399-8EF8F2A9522D}.2015|Any CPU.Build.0 = 2015|Any CPU
		{9D680C27-E296-4024-9399-8EF8F2A9522D}.2015|x64.ActiveCfg = 2015|x64
		{9D680C27-E296-4024-9399-8EF8F2A9522D}.2015|x64.Build.0 = 2015|x64
		{9D680C27-E296-4024-9399-8EF8F2A9522D}.2015-Release|Any CPU.ActiveCfg = 2015-Release|Any CPU
		{9D680C27-E296-4024-9399-8EF8F2A9522D}.2015-Release|Any CPU.Build.0 = 2015-Release|Any CPU
		{9D680C27-E296-4024-9399-8EF8F2A9522D}.2015-Release|x64.ActiveCfg = 2015-Release|x64
		{9D680C27-E296-4024-9399-8EF8F2A9522D}.2015-Release|x64.Build.0 = 2015-Release|x64
		{9D680C27-E296-4024-9399-8EF8F2A9522D}.2016|Any CPU.ActiveCfg = 2016|Any CPU
		{9D680C27-E296-4024-9399-8EF8F2A9522D}.2016|Any CPU.Build.0 = 2016|Any CPU
		{9D680C27-E296-4024-9399-8EF8F2A9522D}.2016|x64.ActiveCfg = 2016|x64
		{9D680C27-E296-4024-9399-8EF8F2A9522D}.2016|x64.Build.0 = 2016|x64
		{9D680C27-E296-4024-9399-8EF8F2A9522D}.2016-Release|Any CPU.ActiveCfg = 2016-Release|Any CPU
		{9D680C27-E296-4024-9399-8EF8F2A9522D}.2016-Release|Any CPU.Build.0 = 2016-Release|Any CPU
		{9D680C27-E296-4024-9399-8EF8F2A9522D}.2016-Release|x64.ActiveCfg = 2016-Release|x64
		{9D680C27-E296-4024-9399-8EF8F2A9522D}.2016-Release|x64.Build.0 = 2016-Release|x64
		{9D680C27-E296-4024-9399-8EF8F2A9522D}.2017|Any CPU.ActiveCfg = 2017|Any CPU
		{9D680C27-E296-4024-9399-8EF8F2A9522D}.2017|Any CPU.Build.0 = 2017|Any CPU
		{9D680C27-E296-4024-9399-8EF8F2A9522D}.2017|x64.ActiveCfg = 2017|x64
		{9D680C27-E296-4024-9399-8EF8F2A9522D}.2017|x64.Build.0 = 2017|x64
		{9D680C27-E296-4024-9399-8EF8F2A9522D}.2017-Release|Any CPU.ActiveCfg = 2017-Release|Any CPU
		{9D680C27-E296-4024-9399-8EF8F2A9522D}.2017-Release|Any CPU.Build.0 = 2017-Release|Any CPU
		{9D680C27-E296-4024-9399-8EF8F2A9522D}.2017-Release|x64.ActiveCfg = 2017-Release|x64
		{9D680C27-E296-4024-9399-8EF8F2A9522D}.2017-Release|x64.Build.0 = 2017-Release|x64
		{9D680C27-E296-4024-9399-8EF8F2A9522D}.2018|Any CPU.ActiveCfg = 2018|Any CPU
		{9D680C27-E296-4024-9399-8EF8F2A9522D}.2018|Any CPU.Build.0 = 2018|Any CPU
		{9D680C27-E296-4024-9399-8EF8F2A9522D}.2018|x64.ActiveCfg = 2018|x64
		{9D680C27-E296-4024-9399-8EF8F2A9522D}.2018|x64.Build.0 = 2018|x64
		{9D680C27-E296-4024-9399-8EF8F2A9522D}.2018-Release|Any CPU.ActiveCfg = 2018-Release|Any CPU
		{9D680C27-E296-4024-9399-8EF8F2A9522D}.2018-Release|Any CPU.Build.0 = 2018-Release|Any CPU
		{9D680C27-E296-4024-9399-8EF8F2A9522D}.2018-Release|x64.ActiveCfg = 2018-Release|x64
		{9D680C27-E296-4024-9399-8EF8F2A9522D}.2018-Release|x64.Build.0 = 2018-Release|x64
		{9D680C27-E296-4024-9399-8EF8F2A9522D}.Debug|Any CPU.ActiveCfg = 2018-Release|Any CPU
		{9D680C27-E296-4024-9399-8EF8F2A9522D}.Debug|Any CPU.Build.0 = 2018-Release|Any CPU
		{9D680C27-E296-4024-9399-8EF8F2A9522D}.Debug|x64.ActiveCfg = 2018-Release|x64
		{9D680C27-E296-4024-9399-8EF8F2A9522D}.Debug|x64.Build.0 = 2018-Release|x64
		{9D680C27-E296-4024-9399-8EF8F2A9522D}.Release|Any CPU.ActiveCfg = 2018-Release|Any CPU
		{9D680C27-E296-4024-9399-8EF8F2A9522D}.Release|Any CPU.Build.0 = 2018-Release|Any CPU
		{9D680C27-E296-4024-9399-8EF8F2A9522D}.Release|x64.ActiveCfg = 2018-Release|x64
		{9D680C27-E296-4024-9399-8EF8F2A9522D}.Release|x64.Build.0 = 2018-Release|x64
		{4EC8BA52-FE06-4F88-80D9-9A54F0C64588}.2015|Any CPU.ActiveCfg = 2015|Any CPU
		{4EC8BA52-FE06-4F88-80D9-9A54F0C64588}.2015|Any CPU.Build.0 = 2015|Any CPU
		{4EC8BA52-FE06-4F88-80D9-9A54F0C64588}.2015|x64.ActiveCfg = 2015|Any CPU
		{4EC8BA52-FE06-4F88-80D9-9A54F0C64588}.2015|x64.Build.0 = 2015|Any CPU
		{4EC8BA52-FE06-4F88-80D9-9A54F0C64588}.2015-Release|Any CPU.ActiveCfg = 2015-Release|Any CPU
		{4EC8BA52-FE06-4F88-80D9-9A54F0C64588}.2015-Release|Any CPU.Build.0 = 2015-Release|Any CPU
		{4EC8BA52-FE06-4F88-80D9-9A54F0C64588}.2015-Release|x64.ActiveCfg = 2015-Release|Any CPU
		{4EC8BA52-FE06-4F88-80D9-9A54F0C64588}.2015-Release|x64.Build.0 = 2015-Release|Any CPU
		{4EC8BA52-FE06-4F88-80D9-9A54F0C64588}.2016|Any CPU.ActiveCfg = 2016|Any CPU
		{4EC8BA52-FE06-4F88-80D9-9A54F0C64588}.2016|Any CPU.Build.0 = 2016|Any CPU
		{4EC8BA52-FE06-4F88-80D9-9A54F0C64588}.2016|x64.ActiveCfg = 2016|Any CPU
		{4EC8BA52-FE06-4F88-80D9-9A54F0C64588}.2016|x64.Build.0 = 2016|Any CPU
		{4EC8BA52-FE06-4F88-80D9-9A54F0C64588}.2016-Release|Any CPU.ActiveCfg = 2016-Release|Any CPU
		{4EC8BA52-FE06-4F88-80D9-9A54F0C64588}.2016-Release|Any CPU.Build.0 = 2016-Release|Any CPU
		{4EC8BA52-FE06-4F88-80D9-9A54F0C64588}.2016-Release|x64.ActiveCfg = 2016-Release|Any CPU
		{4EC8BA52-FE06-4F88-80D9-9A54F0C64588}.2016-Release|x64.Build.0 = 2016-Release|Any CPU
		{4EC8BA52-FE06-4F88-80D9-9A54F0C64588}.2017|Any CPU.ActiveCfg = 2017|Any CPU
		{4EC8BA52-FE06-4F88-80D9-9A54F0C64588}.2017|Any CPU.Build.0 = 2017|Any CPU
		{4EC8BA52-FE06-4F88-80D9-9A54F0C64588}.2017|x64.ActiveCfg = 2017|Any CPU
		{4EC8BA52-FE06-4F88-80D9-9A54F0C64588}.2017|x64.Build.0 = 2017|Any CPU
		{4EC8BA52-FE06-4F88-80D9-9A54F0C64588}.2017-Release|Any CPU.ActiveCfg = 2017-Release|Any CPU
		{4EC8BA52-FE06-4F88-80D9-9A54F0C64588}.2017-Release|Any CPU.Build.0 = 2017-Release|Any CPU
		{4EC8BA52-FE06-4F88-80D9-9A54F0C64588}.2017-Release|x64.ActiveCfg = 2017-Release|Any CPU
		{4EC8BA52-FE06-4F88-80D9-9A54F0C64588}.2017-Release|x64.Build.0 = 2017-Release|Any CPU
		{4EC8BA52-FE06-4F88-80D9-9A54F0C64588}.2018|Any CPU.ActiveCfg = 2018|Any CPU
		{4EC8BA52-FE06-4F88-80D9-9A54F0C64588}.2018|Any CPU.Build.0 = 2018|Any CPU
		{4EC8BA52-FE06-4F88-80D9-9A54F0C64588}.2018|x64.ActiveCfg = 2018|Any CPU
		{4EC8BA52-FE06-4F88-80D9-9A54F0C64588}.2018|x64.Build.0 = 2018|Any CPU
		{4EC8BA52-FE06-4F88-80D9-9A54F0C64588}.2018-Release|Any CPU.ActiveCfg = 2018-Release|Any CPU
		{4EC8BA52-FE06-4F88-80D9-9A54F0C64588}.2018-Release|Any CPU.Build.0 = 2018-Release|Any CPU
		{4EC8BA52-FE06-4F88-80D9-9A54F0C64588}.2018-Release|x64.ActiveCfg = 2018-Release|Any CPU
		{4EC8BA52-FE06-4F88-80D9-9A54F0C64588}.2018-Release|x64.Build.0 = 2018-Release|Any CPU
		{4EC8BA52-FE06-4F88-80D9-9A54F0C64588}.Debug|Any CPU.ActiveCfg = 2018-Release|Any CPU
		{4EC8BA52-FE06-4F88-80D9-9A54F0C64588}.Debug|Any CPU.Build.0 = 2018-Release|Any CPU
		{4EC8BA52-FE06-4F88-80D9-9A54F0C64588}.Debug|x64.ActiveCfg = 2018-Release|Any CPU
		{4EC8BA52-FE06-4F88-80D9-9A54F0C64588}.Debug|x64.Build.0 = 2018-Release|Any CPU
		{4EC8BA52-FE06-4F88-80D9-9A54F0C64588}.Release|Any CPU.ActiveCfg = 2018-Release|Any CPU
		{4EC8BA52-FE06-4F88-80D9-9A54F0C64588}.Release|Any CPU.Build.0 = 2018-Release|Any CPU
		{4EC8BA52-FE06-4F88-80D9-9A54F0C64588}.Release|x64.ActiveCfg = 2018-Release|Any CPU
		{4EC8BA52-FE06-4F88-80D9-9A54F0C64588}.Release|x64.Build.0 = 2018-Release|Any CPU
	EndGlobalSection
	GlobalSection(SolutionProperties) = preSolution
		HideSolutionNode = FALSE
	EndGlobalSection
	GlobalSection(NestedProjects) = preSolution
		{9D680C27-E296-4024-9399-8EF8F2A9522D} = {3202678B-EECF-46E3-9631-C026CAE9D62B}
		{4EC8BA52-FE06-4F88-80D9-9A54F0C64588} = {49C27A2E-44BB-4A10-96E7-62BFEE48BA6A}
	EndGlobalSection
	GlobalSection(ExtensibilityGlobals) = postSolution
		SolutionGuid = {844A24A5-F23E-418D-8380-BC0BB0130363}
	EndGlobalSection
EndGlobal
